
Microsoft Visual Studio Solution File, Format Version 12.00
# Visual Studio Version 16
VisualStudioVersion = 16.0.33130.400
MinimumVisualStudioVersion = 10.0.40219.1
Project("{FAE04EC0-301F-11D3-BF4B-00C04F79EFBC}") = "PortfolioProjectNigth", "PortfolioProjectNigth\PortfolioProjectNigth.csproj", "{BEE31929-D364-43FB-99A1-1AB27423408E}"
EndProject
Global
	GlobalSection(SolutionConfigurationPlatforms) = preSolution
		Debug|Any CPU = Debug|Any CPU
		Release|Any CPU = Release|Any CPU
	EndGlobalSection
	GlobalSection(ProjectConfigurationPlatforms) = postSolution
		{BEE31929-D364-43FB-99A1-1AB27423408E}.Debug|Any CPU.ActiveCfg = Debug|Any CPU
		{BEE31929-D364-43FB-99A1-1AB27423408E}.Debug|Any CPU.Build.0 = Debug|Any CPU
		{BEE31929-D364-43FB-99A1-1AB27423408E}.Release|Any CPU.ActiveCfg = Release|Any CPU
		{BEE31929-D364-43FB-99A1-1AB27423408E}.Release|Any CPU.Build.0 = Release|Any CPU
	EndGlobalSection
	GlobalSection(SolutionProperties) = preSolution
		HideSolutionNode = FALSE
	EndGlobalSection
	GlobalSection(ExtensibilityGlobals) = postSolution
		SolutionGuid = {A6041DE2-E2DC-4D3E-BB7E-5E42E5851785}
	EndGlobalSection
EndGlobal
